# Generated by conda-lock.
# platform: linux-64
# input_hash: aba0553c2d959d74afe986072a121d4a5f39fb9aa3f62d9b3c7243b31510d89d
@EXPLICIT
https://conda.anaconda.org/conda-forge/linux-64/_libgcc_mutex-0.1-conda_forge.tar.bz2#d7c89558ba9fa0495403155b64376d81
https://conda.anaconda.org/conda-forge/linux-64/dart-sass-1.59.1-ha770c72_0.conda#de2018928d25b2cf33d0634f908554ef
https://conda.anaconda.org/conda-forge/linux-64/esbuild-0.27.1-hfc2019e_0.conda#c78df6fd817dd0b14bf23321a795d918
https://conda.anaconda.org/conda-forge/linux-64/pandoc-3.6.3-ha770c72_0.conda#16ff7c679250dc09f9732aab14408d2c
https://conda.anaconda.org/conda-forge/noarch/python_abi-3.9-8_cp39.conda#c2f0c4bf417925c27b62ab50264baa98
https://conda.anaconda.org/conda-forge/noarch/tzdata-2025b-h78e105d_0.conda#4222072737ccff51314b5ece9c7d6f5a
https://conda.anaconda.org/conda-forge/noarch/ca-certificates-2025.11.12-hbd8a1cb_0.conda#f0991f0f84902f6b6009b4d2350a83aa
https://conda.anaconda.org/conda-forge/linux-64/libgomp-15.2.0-he0feb66_16.conda#26c46f90d0e727e95c6c9498a33a09f3
https://conda.anaconda.org/conda-forge/linux-64/_openmp_mutex-4.5-2_gnu.tar.bz2#73aaf86a425cc6e73fcf236a5a46396d
https://conda.anaconda.org/conda-forge/linux-64/libgcc-15.2.0-he0feb66_16.conda#6d0363467e6ed84f11435eb309f2ff06
https://conda.anaconda.org/conda-forge/linux-64/bzip2-1.0.8-hda65f42_8.conda#51a19bba1b8ebfb60df25cde030b7ebc
https://conda.anaconda.org/conda-forge/linux-64/keyutils-1.6.3-hb9d3cd8_0.conda#b38117a3c920364aff79f870c984b4a3
https://conda.anaconda.org/conda-forge/linux-64/libexpat-2.7.3-hecca717_0.conda#8b09ae86839581147ef2e5c5e229d164
https://conda.anaconda.org/conda-forge/linux-64/libffi-3.5.2-h9ec8514_0.conda#35f29eec58405aaf55e01cb470d8c26a
https://conda.anaconda.org/conda-forge/linux-64/libgcc-ng-15.2.0-h69a702a_16.conda#5a68259fac2da8f2ee6f7bfe49c9eb8b
https://conda.anaconda.org/conda-forge/linux-64/libiconv-1.18-h3b78370_2.conda#915f5995e94f60e9a4826e0b0920ee88
https://conda.anaconda.org/conda-forge/linux-64/liblzma-5.8.1-hb9d3cd8_2.conda#1a580f7796c7bf6393fddb8bbbde58dc
https://conda.anaconda.org/conda-forge/linux-64/libnsl-2.0.1-hb9d3cd8_1.conda#d864d34357c3b65a4b731f78c0801dc4
https://conda.anaconda.org/conda-forge/linux-64/libstdcxx-15.2.0-h934c35e_16.conda#68f68355000ec3f1d6f26ea13e8f525f
https://conda.anaconda.org/conda-forge/linux-64/libuuid-2.41.2-h5347b49_1.conda#41f5c09a211985c3ce642d60721e7c3e
https://conda.anaconda.org/conda-forge/linux-64/libuv-1.51.0-hb03c661_1.conda#0f03292cc56bf91a077a134ea8747118
https://conda.anaconda.org/conda-forge/linux-64/libzlib-1.3.1-hb9d3cd8_2.conda#edb0dca6bc32e4f4789199455a1dbeb8
https://conda.anaconda.org/conda-forge/linux-64/ncurses-6.5-h2d0b736_3.conda#47e340acb35de30501a76c7c799c41d7
https://conda.anaconda.org/conda-forge/linux-64/openssl-3.6.0-h26f9b46_0.conda#9ee58d5c534af06558933af3c845a780
https://conda.anaconda.org/conda-forge/linux-64/yaml-0.2.5-h280c20c_3.conda#a77f85f77be52ff59391544bfe73390a
https://conda.anaconda.org/conda-forge/linux-64/deno-2.3.1-hbf66b88_0.conda#5343c8d26e6a573e3d2330a24a9be753
https://conda.anaconda.org/conda-forge/linux-64/libedit-3.1.20250104-pl5321h7949ede_0.conda#c277e0a4d549b03ac1e9d6cbbe3d017b
https://conda.anaconda.org/conda-forge/linux-64/libsodium-1.0.20-h4ab18f5_0.conda#a587892d3c13b6621a6091be690dbca2
https://conda.anaconda.org/conda-forge/linux-64/libsqlite-3.51.1-h0c1763c_0.conda#2e1b84d273b01835256e53fd938de355
https://conda.anaconda.org/conda-forge/linux-64/libstdcxx-ng-15.2.0-hdf11a46_16.conda#1b3152694d236cf233b76b8c56bf0eae
https://conda.anaconda.org/conda-forge/linux-64/libxcrypt-4.4.36-hd590300_1.conda#5aa797f8787fe7a17d1b0821485b5adc
https://conda.anaconda.org/conda-forge/linux-64/pcre2-10.47-haa7fec5_0.conda#7a3bff861a6583f1889021facefc08b1
https://conda.anaconda.org/conda-forge/linux-64/readline-8.2-h8c095d6_2.conda#283b96675859b20a825f8fa30f311446
https://conda.anaconda.org/conda-forge/linux-64/tk-8.6.13-noxft_ha0e22de_103.conda#86bc20552bf46075e3d92b67f089172d
https://conda.anaconda.org/conda-forge/linux-64/typst-0.13.0-h53e704d_0.conda#7b875caf2669fa52b44de7e70a726fc4
https://conda.anaconda.org/conda-forge/linux-64/zstd-1.5.7-hb78ec9c_6.conda#4a13eeac0b5c8e5b8ab496e6c4ddd829
https://conda.anaconda.org/conda-forge/linux-64/deno-dom-0.1.41-h4768de7_0.conda#89e80615c6b1b1ae4f5267bfc5fc7f66
https://conda.anaconda.org/conda-forge/linux-64/icu-75.1-he02047a_0.conda#8b189310083baabfb622af68fd9d3ae3
https://conda.anaconda.org/conda-forge/linux-64/krb5-1.21.3-h659f571_0.conda#3f43953b7d3fb3aaa1d0d0723d91e368
https://conda.anaconda.org/conda-forge/linux-64/ld_impl_linux-64-2.45-default_hbd61a6d_104.conda#a6abd2796fc332536735f68ba23f7901
https://conda.anaconda.org/conda-forge/linux-64/libglib-2.86.3-h6548e54_0.conda#034bea55a4feef51c98e8449938e9cee
https://conda.anaconda.org/conda-forge/linux-64/dbus-1.16.2-h24cb091_1.conda#ce96f2f470d39bd96ce03945af92e280
https://conda.anaconda.org/conda-forge/linux-64/nodejs-22.19.0-h4a9c4b4_1.conda#4c246c291d6b7a208c7b7080a6304dcf
https://conda.anaconda.org/conda-forge/linux-64/python-3.9.23-hc30ae73_0_cpython.conda#624ab0484356d86a54297919352d52b6
https://conda.anaconda.org/conda-forge/linux-64/zeromq-4.3.5-h387f397_9.conda#8035e5b54c08429354d5d64027041cad
https://conda.anaconda.org/conda-forge/noarch/appdirs-1.4.4-pyhd8ed1ab_1.conda#f4e90937bbfc3a4a92539545a37bb448
https://conda.anaconda.org/conda-forge/noarch/asttokens-3.0.0-pyhd8ed1ab_1.conda#8f587de4bcf981e26228f268df374a9b
https://conda.anaconda.org/conda-forge/noarch/backports-1.0-pyhd8ed1ab_5.conda#767d508c1a67e02ae8f50e44cacfadb2
https://conda.anaconda.org/conda-forge/noarch/boltons-25.0.0-pyhd8ed1ab_0.conda#c7eb87af73750d6fd97eff8bbee8cb9c
https://conda.anaconda.org/conda-forge/linux-64/brotli-python-1.1.0-py39hf88036b_3.conda#1ccd2aba673acca7aa2f289266efe2db
https://conda.anaconda.org/conda-forge/noarch/certifi-2025.8.3-pyhd8ed1ab_0.conda#11f59985f49df4620890f3e746ed7102
https://conda.anaconda.org/conda-forge/noarch/charset-normalizer-3.4.3-pyhd8ed1ab_0.conda#7e7d5ef1b9ed630e4a1c358d6bc62284
https://conda.anaconda.org/conda-forge/noarch/click-8.1.8-pyh707e725_0.conda#f22f4d4970e09d68a10b922cbb0408d3
https://conda.anaconda.org/conda-forge/noarch/colorama-0.4.6-pyhd8ed1ab_1.conda#962b9857ee8e7018c22f2776ffa0b2d7
https://conda.anaconda.org/conda-forge/noarch/comm-0.2.3-pyhe01879c_0.conda#2da13f2b299d8e1995bafbbe9689a2f7
https://conda.anaconda.org/conda-forge/noarch/crashtest-0.4.1-pyhd8ed1ab_1.conda#e036e2f76d9c9aebc12510ed23352b6c
https://conda.anaconda.org/conda-forge/linux-64/debugpy-1.8.16-py39haef64b4_0.conda#ad12118b06c2596073c843e6d47978c2
https://conda.anaconda.org/conda-forge/noarch/decorator-5.2.1-pyhd8ed1ab_0.conda#9ce473d1d1be1cc3810856a48b3fab32
https://conda.anaconda.org/conda-forge/noarch/distlib-0.4.0-pyhd8ed1ab_0.conda#003b8ba0a94e2f1e117d0bd46aebc901
https://conda.anaconda.org/conda-forge/noarch/executing-2.2.0-pyhd8ed1ab_0.conda#81d30c08f9a3e556e8ca9e124b044d14
https://conda.anaconda.org/conda-forge/noarch/filelock-3.19.1-pyhd8ed1ab_0.conda#9c418d067409452b2e87e0016257da68
https://conda.anaconda.org/conda-forge/noarch/hpack-4.1.0-pyhd8ed1ab_0.conda#0a802cb9888dd14eeefc611f05c40b6e
https://conda.anaconda.org/conda-forge/noarch/hyperframe-6.1.0-pyhd8ed1ab_0.conda#8e6923fc12f1fe8f8c4e5c9f343256ac
https://conda.anaconda.org/conda-forge/noarch/idna-3.10-pyhd8ed1ab_1.conda#39a4f67be3286c86d696df570b1201b7
https://conda.anaconda.org/conda-forge/noarch/jeepney-0.9.0-pyhd8ed1ab_0.conda#b4b91eb14fbe2f850dd2c5fc20676c0d
https://conda.anaconda.org/conda-forge/linux-64/markupsafe-3.0.2-py39h9399b63_1.conda#7821f0938aa629b9f17efd98c300a487
https://conda.anaconda.org/conda-forge/noarch/more-itertools-10.7.0-pyhd8ed1ab_0.conda#7c65a443d58beb0518c35b26c70e201d
https://conda.anaconda.org/conda-forge/linux-64/msgpack-python-1.1.1-py39h74842e3_0.conda#fce378a7c73ea47b7e79ef27a8c798a2
https://conda.anaconda.org/conda-forge/noarch/nest-asyncio-1.6.0-pyhd8ed1ab_1.conda#598fd7d4d0de2455fb74f56063969a97
https://conda.anaconda.org/conda-forge/noarch/packaging-25.0-pyh29332c3_1.conda#58335b26c38bf4a20f399384c33cbcf9
https://conda.anaconda.org/conda-forge/noarch/parso-0.8.4-pyhd8ed1ab_1.conda#5c092057b6badd30f75b06244ecd01c9
https://conda.anaconda.org/conda-forge/noarch/pickleshare-0.7.5-pyhd8ed1ab_1004.conda#11a9d1d09a3615fc07c3faf79bc0b943
https://conda.anaconda.org/conda-forge/noarch/pkginfo-1.12.1.2-pyhd8ed1ab_0.conda#dc702b2fae7ebe770aff3c83adb16b63
https://conda.anaconda.org/conda-forge/noarch/platformdirs-4.3.8-pyhe01879c_0.conda#424844562f5d337077b445ec6b1398a7
https://conda.anaconda.org/conda-forge/linux-64/psutil-7.0.0-py39h8cd3c5a_0.conda#851ab4da2babaf8d6968a64dd348ca88
https://conda.anaconda.org/conda-forge/noarch/ptyprocess-0.7.0-pyhd8ed1ab_1.conda#7d9daffbb8d8e0af0f769dbbcd173a54
https://conda.anaconda.org/conda-forge/noarch/pure_eval-0.2.3-pyhd8ed1ab_1.conda#3bfdfb8dbcdc4af1ae3f9a8eb3948f04
https://conda.anaconda.org/conda-forge/noarch/pycparser-2.22-pyh29332c3_1.conda#12c566707c80111f9799308d9e265aef
https://conda.anaconda.org/conda-forge/noarch/pygments-2.19.2-pyhd8ed1ab_0.conda#6b6ece66ebcae2d5f326c77ef2c5a066
https://conda.anaconda.org/conda-forge/noarch/pysocks-1.7.1-pyha55dd90_7.conda#461219d1a5bd61342293efa2c0c90eac
https://conda.anaconda.org/conda-forge/noarch/python-fastjsonschema-2.21.2-pyhe01879c_0.conda#23029aae904a2ba587daba708208012f
https://conda.anaconda.org/conda-forge/noarch/python-installer-0.7.0-pyhff2d567_1.conda#e27480eebcdf247209e90da706ebef8d
https://conda.anaconda.org/conda-forge/linux-64/pyyaml-6.0.2-py39h9399b63_2.conda#13fd88296a9f19f5e3ac0c69d4b64cc6
https://conda.anaconda.org/conda-forge/linux-64/pyzmq-27.0.2-py39haa5fa38_0.conda#a12afe53883b54e2df984dd45bc36063
https://conda.anaconda.org/conda-forge/linux-64/quarto-1.8.26-hbf95b10_0.conda#67fdefbee327dce7dfbf31b6925c3554
https://conda.anaconda.org/conda-forge/linux-64/ruamel.yaml.clib-0.2.8-py39h8cd3c5a_1.conda#52b68618d0aa78366f287de1b1319a1c
https://conda.anaconda.org/conda-forge/noarch/semver-3.0.4-pyhd8ed1ab_0.conda#982aa48accc06494cbd2b51af69e17c7
https://conda.anaconda.org/conda-forge/noarch/setuptools-80.9.0-pyhff2d567_0.conda#4de79c071274a53dcaf2a8c749d1499e
https://conda.anaconda.org/conda-forge/noarch/shellingham-1.5.4-pyhd8ed1ab_1.conda#7c3c2a0f3ebdea2bbc35538d162b43bf
https://conda.anaconda.org/conda-forge/noarch/six-1.17.0-pyhe01879c_1.conda#3339e3b65d58accf4ca4fb8748ab16b3
https://conda.anaconda.org/conda-forge/noarch/smmap-5.0.2-pyhd8ed1ab_0.conda#87f47a78808baf2fa1ea9c315a1e48f1
https://conda.anaconda.org/conda-forge/noarch/tomli-2.2.1-pyhe01879c_2.conda#30a0a26c8abccf4b7991d590fe17c699
https://conda.anaconda.org/conda-forge/noarch/tomlkit-0.13.3-pyha770c72_0.conda#146402bf0f11cbeb8f781fa4309a95d3
https://conda.anaconda.org/conda-forge/linux-64/tornado-6.5.2-py39hd399759_0.conda#9546db52eccafee2fa2675653fec04f9
https://conda.anaconda.org/conda-forge/noarch/traitlets-5.14.3-pyhd8ed1ab_1.conda#019a7385be9af33791c989871317e1ed
https://conda.anaconda.org/conda-forge/noarch/trove-classifiers-2025.8.6.13-pyhd8ed1ab_0.conda#8bafd50025b4faec22ef275bfc877671
https://conda.anaconda.org/conda-forge/noarch/typing_extensions-4.14.1-pyhe01879c_0.conda#e523f4f1e980ed7a4240d7e27e9ec81f
https://conda.anaconda.org/conda-forge/noarch/wcwidth-0.2.13-pyhd8ed1ab_1.conda#b68980f2495d096e71c7fd9d7ccf63e6
https://conda.anaconda.org/conda-forge/noarch/wheel-0.45.1-pyhd8ed1ab_1.conda#75cb7132eb58d97896e173ef12ac9986
https://conda.anaconda.org/conda-forge/noarch/zipp-3.23.0-pyhd8ed1ab_0.conda#df5e78d904988eb55042c0c97446079f
https://conda.anaconda.org/conda-forge/noarch/backports.tarfile-1.2.0-pyhd8ed1ab_1.conda#df837d654933488220b454c6a3b0fad6
https://conda.anaconda.org/conda-forge/linux-64/cffi-1.17.1-py39h15c3d72_0.conda#7e61b8777f42e00b08ff059f9e8ebc44
https://conda.anaconda.org/conda-forge/noarch/click-default-group-1.2.4-pyhd8ed1ab_1.conda#7cd83dd6831b61ad9624a694e4afd7dc
https://conda.anaconda.org/conda-forge/noarch/exceptiongroup-1.3.0-pyhd8ed1ab_0.conda#72e42d28960d875c7654614f8b50939a
https://conda.anaconda.org/conda-forge/noarch/gitdb-4.0.12-pyhd8ed1ab_0.conda#7c14f3706e099f8fcd47af2d494616cc
https://conda.anaconda.org/conda-forge/noarch/h2-4.2.0-pyhd8ed1ab_0.conda#b4754fb1bdcb70c8fd54f918301582c6
https://conda.anaconda.org/conda-forge/noarch/importlib-metadata-8.7.0-pyhe01879c_1.conda#63ccfdc3a3ce25b027b8767eb722fca8
https://conda.anaconda.org/conda-forge/noarch/importlib_resources-6.5.2-pyhd8ed1ab_0.conda#c85c76dc67d75619a92f51dfbce06992
https://conda.anaconda.org/conda-forge/noarch/jaraco.classes-3.4.0-pyhd8ed1ab_2.conda#ade6b25a6136661dadd1a43e4350b10b
https://conda.anaconda.org/conda-forge/noarch/jaraco.functools-4.3.0-pyhd8ed1ab_0.conda#b86839fa387a5b904846e77c84167e57
https://conda.anaconda.org/conda-forge/noarch/jedi-0.19.2-pyhd8ed1ab_1.conda#a4f4c5dc9b80bc50e0d3dc4e6e8f1bd9
https://conda.anaconda.org/conda-forge/noarch/jinja2-3.1.6-pyhd8ed1ab_0.conda#446bd6c8cb26050d528881df495ce646
https://conda.anaconda.org/conda-forge/noarch/jupyter_core-5.8.1-pyh31011fe_0.conda#b7d89d860ebcda28a5303526cdee68ab
https://conda.anaconda.org/conda-forge/noarch/matplotlib-inline-0.1.7-pyhd8ed1ab_1.conda#af6ab708897df59bd6e7283ceab1b56b
https://conda.anaconda.org/conda-forge/noarch/pexpect-4.9.0-pyhd8ed1ab_1.conda#d0d408b1f18883a944376da5cf8101ea
https://conda.anaconda.org/conda-forge/noarch/pip-25.2-pyh8b19718_0.conda#dfce4b2af4bfe90cdcaf56ca0b28ddf5
https://conda.anaconda.org/conda-forge/noarch/prompt-toolkit-3.0.51-pyha770c72_0.conda#d17ae9db4dc594267181bd199bf9a551
https://conda.anaconda.org/conda-forge/noarch/pyproject_hooks-1.2.0-pyhd8ed1ab_1.conda#d4582021af437c931d7d77ec39007845
https://conda.anaconda.org/conda-forge/noarch/python-dateutil-2.9.0.post0-pyhe01879c_2.conda#5b8d21249ff20967101ffa321cab24e8
https://conda.anaconda.org/conda-forge/linux-64/ruamel.yaml-0.18.15-py39hd399759_0.conda#c50cf89a75d79f7e8b6b3a9e300b9a23
https://conda.anaconda.org/conda-forge/noarch/stack_data-0.6.3-pyhd8ed1ab_1.conda#b1b505328da7a6b246787df4b5a49fbc
https://conda.anaconda.org/conda-forge/noarch/typing-extensions-4.14.1-h4440ef1_0.conda#75be1a943e0a7f99fcf118309092c635
https://conda.anaconda.org/conda-forge/noarch/typing-inspection-0.4.1-pyhd8ed1ab_0.conda#e0c3cd765dc15751ee2f0b03cd015712
https://conda.anaconda.org/conda-forge/noarch/virtualenv-20.34.0-pyhd8ed1ab_0.conda#2bd6c0c96cfc4dbe9bde604a122e3e55
https://conda.anaconda.org/conda-forge/noarch/annotated-types-0.7.0-pyhd8ed1ab_1.conda#2934f256a8acfe48f6ebb4fce6cde29c
https://conda.anaconda.org/conda-forge/linux-64/cryptography-45.0.6-py39hb2f7f84_0.conda#09c640d5a5798c2f520baf821a0fc0fa
https://conda.anaconda.org/conda-forge/noarch/gitpython-3.1.45-pyhff2d567_0.conda#b91d463ea8be13bcbe644ae8bc99c39f
https://conda.anaconda.org/conda-forge/noarch/ipython-8.18.1-pyh707e725_3.conda#15c6f45a45f7ac27f6d60b0b084f6761
https://conda.anaconda.org/conda-forge/noarch/jaraco.context-6.0.1-pyhd8ed1ab_0.conda#bcc023a32ea1c44a790bbf1eae473486
https://conda.anaconda.org/conda-forge/noarch/jupyter_client-8.6.3-pyhd8ed1ab_1.conda#4ebae00eae9705b0c3d6d1018a81d047
https://conda.anaconda.org/conda-forge/linux-64/pydantic-core-2.33.2-py39h20260ba_0.conda#38b79310c98c3a2270e1d19589205a6a
https://conda.anaconda.org/conda-forge/noarch/python-build-1.3.0-pyhff2d567_0.conda#ed5d43e9ef92cc2a9872f9bdfe94b984
https://conda.anaconda.org/conda-forge/linux-64/zstandard-0.23.0-py39hd399759_3.conda#2f6845f6cdf545845a60c4dcbd017c78
https://conda.anaconda.org/conda-forge/noarch/ipykernel-6.30.1-pyh82676e8_0.conda#b0cc25825ce9212b8bee37829abad4d6
https://conda.anaconda.org/conda-forge/noarch/pydantic-2.11.7-pyh3cfb1c2_0.conda#1b337e3d378cde62889bb735c024b7a2
https://conda.anaconda.org/conda-forge/linux-64/secretstorage-3.3.3-py39hf3d152e_3.conda#49e960e84cd58e2fdc8bad42f0955a27
https://conda.anaconda.org/conda-forge/noarch/urllib3-2.5.0-pyhd8ed1ab_0.conda#436c165519e140cb08d246a4472a9d6a
https://conda.anaconda.org/conda-forge/linux-64/dulwich-0.22.8-py39he612d8f_0.conda#194278bf6902f8c0a5b7c91cbefd00d2
https://conda.anaconda.org/conda-forge/noarch/keyring-25.6.0-pyha804496_0.conda#cdd58ab99c214b55d56099108a914282
https://conda.anaconda.org/conda-forge/noarch/requests-2.32.5-pyhd8ed1ab_0.conda#db0c6b99149880c8ba515cf4abe93ee4
https://conda.anaconda.org/conda-forge/noarch/cachecontrol-0.14.3-pyha770c72_0.conda#241ef6e3db47a143ac34c21bfba510f1
https://conda.anaconda.org/conda-forge/noarch/ensureconda-1.4.7-pyh29332c3_0.conda#349b1d4311d7344bff92ad890fdbe6aa
https://conda.anaconda.org/conda-forge/noarch/requests-toolbelt-1.0.0-pyhd8ed1ab_1.conda#66de8645e324fda0ea6ef28c2f99a2ab
https://conda.anaconda.org/conda-forge/noarch/cachecontrol-with-filecache-0.14.3-pyhd8ed1ab_0.conda#b4af8c1b61929b1bcb001c2953882149
https://conda.anaconda.org/conda-forge/noarch/conda-lock-3.0.4-pyh367d9c9_1.conda#e9cdc696228d9701ec8142fd3ba16f58
# pip attrs @ https://files.pythonhosted.org/packages/3a/2a/7cc015f5b9f5db42b7d48157e23356022889fc354a2813c15934b7cb5c0e/attrs-25.4.0-py3-none-any.whl#sha256=adcf7e2a1fb3b36ac48d97835bb6d8ade15b8dcce26aba8bf1d14847b57a3373
# pip babel @ https://files.pythonhosted.org/packages/b7/b8/3fe70c75fe32afc4bb507f75563d39bc5642255d1d94f1f23604725780bf/babel-2.17.0-py3-none-any.whl#sha256=4d0b53093fdfb4b21c92b5213dba5a1b23885afa8383709427046b21c366e5f2
# pip cycler @ https://files.pythonhosted.org/packages/e7/05/c19819d5e3d95294a6f5947fb9b9629efb316b96de511b418c53d245aae6/cycler-0.12.1-py3-none-any.whl#sha256=85cef7cff222d8644161529808465972e51340599459b8ac3ccbac5a854e0d30
# pip defusedxml @ https://files.pythonhosted.org/packages/07/6c/aa3f2f849e01cb6a001cd8554a88d4c77c5c1a31c95bdf1cf9301e6d9ef4/defusedxml-0.7.1-py2.py3-none-any.whl#sha256=a352e7e428770286cc899e2542b6cdaedb2b4953ff269a210103ec58f6198a61
# pip fonttools @ https://files.pythonhosted.org/packages/45/bb/363364f052a893cebd3d449588b21244a9d873620fda03ad92702d2e1bc7/fonttools-4.60.2-cp39-cp39-manylinux2014_x86_64.manylinux_2_17_x86_64.whl#sha256=38ce703b60a906e421e12d9e3a7f064883f5e61bb23e8961f4be33cfe578500b
# pip fqdn @ https://files.pythonhosted.org/packages/cf/58/8acf1b3e91c58313ce5cb67df61001fc9dcd21be4fadb76c1a2d540e09ed/fqdn-1.5.1-py3-none-any.whl#sha256=3a179af3761e4df6eb2e026ff9e1a3033d3587bf980a0b1b2e1e5d08d7358014
# pip h11 @ https://files.pythonhosted.org/packages/04/4b/29cac41a4d98d144bf5f6d33995617b185d14b22401f75ca86f384e87ff1/h11-0.16.0-py3-none-any.whl#sha256=63cf8bbe7522de3bf65932fda1d9c2772064ffb3dae62d55932da54b31cb6c86
# pip iniconfig @ https://files.pythonhosted.org/packages/2c/e1/e6716421ea10d38022b952c159d5161ca1193197fb744506875fbb87ea7b/iniconfig-2.1.0-py3-none-any.whl#sha256=9deba5723312380e77435581c6bf4935c94cbfab9b1ed33ef8d238ea168eb760
# pip joblib @ https://files.pythonhosted.org/packages/1e/e8/685f47e0d754320684db4425a0967f7d3fa70126bffd76110b7009a0090f/joblib-1.5.2-py3-none-any.whl#sha256=4e1f0bdbb987e6d843c70cf43714cb276623def372df3c22fe5266b2670bc241
# pip json5 @ https://files.pythonhosted.org/packages/85/e2/05328bd2621be49a6fed9e3030b1e51a2d04537d3f816d211b9cc53c5262/json5-0.12.1-py3-none-any.whl#sha256=d9c9b3bc34a5f54d43c35e11ef7cb87d8bdd098c6ace87117a7b7e83e705c1d5
# pip jsonpointer @ https://files.pythonhosted.org/packages/71/92/5e77f98553e9e75130c78900d000368476aed74276eb8ae8796f65f00918/jsonpointer-3.0.0-py2.py3-none-any.whl#sha256=13e088adc14fca8b6aa8177c044e12701e6ad4b28ff10e65f2267a90109c9942
# pip jupyterlab-pygments @ https://files.pythonhosted.org/packages/b1/dd/ead9d8ea85bf202d90cc513b533f9c363121c7792674f78e0d8a854b63b4/jupyterlab_pygments-0.3.0-py3-none-any.whl#sha256=841a89020971da1d8693f1a99997aefc5dc424bb1b251fd6322462a1b8842780
# pip kiwisolver @ https://files.pythonhosted.org/packages/21/b1/40655f6c3fa11ce740e8a964fa8e4c0479c87d6a7944b95af799c7a55dfe/kiwisolver-1.4.7-cp39-cp39-manylinux_2_12_x86_64.manylinux2010_x86_64.whl#sha256=dda56c24d869b1193fcc763f1284b9126550eaf84b88bbc7256e15028f19188a
# pip lark @ https://files.pythonhosted.org/packages/82/3d/14ce75ef66813643812f3093ab17e46d3a206942ce7376d31ec2d36229e7/lark-1.3.1-py3-none-any.whl#sha256=c629b661023a014c37da873b4ff58a817398d12635d3bbb2c5a03be7fe5d1e12
# pip mypy-extensions @ https://files.pythonhosted.org/packages/79/7b/2c79738432f5c924bef5071f933bcc9efd0473bac3b4aa584a6f7c1c8df8/mypy_extensions-1.1.0-py3-none-any.whl#sha256=1be4cccdb0f2482337c4743e60421de3a356cd97508abadd57d47403e94f5505
# pip narwhals @ https://files.pythonhosted.org/packages/87/0d/1861d1599571974b15b025e12b142d8e6b42ad66c8a07a89cb0fc21f1e03/narwhals-2.13.0-py3-none-any.whl#sha256=9b795523c179ca78204e3be53726da374168f906e38de2ff174c2363baaaf481
# pip numpy @ https://files.pythonhosted.org/packages/b9/14/78635daab4b07c0930c919d451b8bf8c164774e6a3413aed04a6d95758ce/numpy-2.0.2-cp39-cp39-manylinux_2_17_x86_64.manylinux2014_x86_64.whl#sha256=f26b258c385842546006213344c50655ff1555a9338e2e5e02a0756dc3e803dd
# pip overrides @ https://files.pythonhosted.org/packages/2c/ab/fc8290c6a4c722e5514d80f62b2dc4c4df1a68a41d1364e625c35990fcf3/overrides-7.7.0-py3-none-any.whl#sha256=c7ed9d062f78b8e4c1a7b70bd8796b35ead4d9f510227ef9c5dc7626c60d7e49
# pip pandocfilters @ https://files.pythonhosted.org/packages/ef/af/4fbc8cab944db5d21b7e2a5b8e9211a03a79852b1157e2c102fcc61ac440/pandocfilters-1.5.1-py2.py3-none-any.whl#sha256=93be382804a9cdb0a7267585f157e5d1731bbe5545a85b268d6f5fe6232de2bc
# pip pillow @ https://files.pythonhosted.org/packages/a5/a0/98a3630f0b57f77bae67716562513d3032ae70414fcaf02750279c389a9e/pillow-11.3.0-cp39-cp39-manylinux_2_27_x86_64.manylinux_2_28_x86_64.whl#sha256=cadc9e0ea0a2431124cde7e1697106471fc4c1da01530e679b2391c37d3fbb3a
# pip pluggy @ https://files.pythonhosted.org/packages/54/20/4d324d65cc6d9205fabedc306948156824eb9f0ee1633355a8f7ec5c66bf/pluggy-1.6.0-py3-none-any.whl#sha256=e920276dd6813095e9377c0bc5566d94c932c33b27a3e3945d8389c374dd4746
# pip prometheus-client @ https://files.pythonhosted.org/packages/b8/db/14bafcb4af2139e046d03fd00dea7873e48eafe18b7d2797e73d6681f210/prometheus_client-0.23.1-py3-none-any.whl#sha256=dd1913e6e76b59cfe44e7a4b83e01afc9873c1bdfd2ed8739f1e76aeca115f99
# pip pyparsing @ https://files.pythonhosted.org/packages/10/5e/1aa9a93198c6b64513c9d7752de7422c06402de6600a8767da1524f9570b/pyparsing-3.2.5-py3-none-any.whl#sha256=e38a4f02064cf41fe6593d328d0512495ad1f3d8a91c4f73fc401b3079a59a5e
# pip pytz @ https://files.pythonhosted.org/packages/81/c4/34e93fe5f5429d7570ec1fa436f1986fb1f00c3e0f43a589fe2bbcd22c3f/pytz-2025.2-py2.py3-none-any.whl#sha256=5ddf76296dd8c44c26eb8f4b6f35488f3ccbf6fbbd7adee0b7262d43f0ec2f00
# pip rfc3986-validator @ https://files.pythonhosted.org/packages/9e/51/17023c0f8f1869d8806b979a2bffa3f861f26a3f1a66b094288323fba52f/rfc3986_validator-0.1.1-py2.py3-none-any.whl#sha256=2f235c432ef459970b4306369336b9d5dbdda31b510ca1e327636e01f528bfa9
# pip rpds-py @ https://files.pythonhosted.org/packages/74/e5/5903f92e41e293b07707d5bf00ef39a0eb2af7190aff4beaf581a6591510/rpds_py-0.27.1-cp39-cp39-manylinux_2_17_x86_64.manylinux2014_x86_64.whl#sha256=2fd50659a069c15eef8aa3d64bbef0d69fd27bb4a50c9ab4f17f83a16cbf8905
# pip send2trash @ https://files.pythonhosted.org/packages/40/b0/4562db6223154aa4e22f939003cb92514c79f3d4dccca3444253fd17f902/Send2Trash-1.8.3-py3-none-any.whl#sha256=0c31227e0bd08961c7665474a3d1ef7193929fedda4233843689baa056be46c9
# pip soupsieve @ https://files.pythonhosted.org/packages/14/a0/bb38d3b76b8cae341dad93a2dd83ab7462e6dbcdd84d43f54ee60a8dc167/soupsieve-2.8-py3-none-any.whl#sha256=0cc76456a30e20f5d7f2e14a98a4ae2ee4e5abdc7c5ea0aafe795f344bc7984c
# pip tabulate @ https://files.pythonhosted.org/packages/40/44/4a5f08c96eb108af5cb50b41f76142f0afa346dfa99d5296fe7202a11854/tabulate-0.9.0-py3-none-any.whl#sha256=024ca478df22e9340661486f85298cff5f6dcdba14f3813e8830015b9ed1948f
# pip threadpoolctl @ https://files.pythonhosted.org/packages/32/d5/f9a850d79b0851d1d4ef6456097579a9005b31fea68726a4ae5f2d82ddd9/threadpoolctl-3.6.0-py3-none-any.whl#sha256=43a0b8fd5a2928500110039e43a5eed8480b918967083ea48dc3ab9f13c4a7fb
# pip tzdata @ https://files.pythonhosted.org/packages/5c/23/c7abc0ca0a1526a0774eca151daeb8de62ec457e77262b66b359c3c7679e/tzdata-2025.2-py2.py3-none-any.whl#sha256=1a403fada01ff9221ca8044d701868fa132215d84beb92242d9acd2147f667a8
# pip uri-template @ https://files.pythonhosted.org/packages/e7/00/3fca040d7cf8a32776d3d81a00c8ee7457e00f80c649f1e4a863c8321ae9/uri_template-1.3.0-py3-none-any.whl#sha256=a44a133ea12d44a0c0f06d7d42a52d71282e77e2f937d8abd5655b8d56fc1363
# pip vl-convert-python @ https://files.pythonhosted.org/packages/a7/6b/48f6d47a92eaf6f0dd235146307a7eb0d179b78d2faebc53aca3f1e49177/vl_convert_python-1.8.0-cp37-abi3-manylinux_2_17_x86_64.manylinux2014_x86_64.whl#sha256=b51264998e8fcc43dbce801484a950cfe6513cdc4c46b20604ef50989855a617
# pip webcolors @ https://files.pythonhosted.org/packages/60/e8/c0e05e4684d13459f93d312077a9a2efbe04d59c393bc2b8802248c908d4/webcolors-24.11.1-py3-none-any.whl#sha256=515291393b4cdf0eb19c155749a096f779f7d909f7cceea072791cb9095b92e9
# pip webencodings @ https://files.pythonhosted.org/packages/f4/24/2a3e3df732393fed8b3ebf2ec078f05546de641fe1b667ee316ec1dcf3b7/webencodings-0.5.1-py2.py3-none-any.whl#sha256=a0af1213f3c2226497a97e2b3aa01a7e4bee4f403f95be16fc9acd2947514a78
# pip websocket-client @ https://files.pythonhosted.org/packages/34/db/b10e48aa8fff7407e67470363eac595018441cf32d5e1001567a7aeba5d2/websocket_client-1.9.0-py3-none-any.whl#sha256=af248a825037ef591efbf6ed20cc5faa03d3b47b9e5a2230a529eeee1c1fc3ef
# pip anyio @ https://files.pythonhosted.org/packages/7f/9c/36c5c37947ebfb8c7f22e0eb6e4d188ee2d53aa3880f3f2744fb894f0cb1/anyio-4.12.0-py3-none-any.whl#sha256=dad2376a628f98eeca4881fc56cd06affd18f659b17a747d3ff0307ced94b1bb
# pip argon2-cffi-bindings @ https://files.pythonhosted.org/packages/09/52/94108adfdd6e2ddf58be64f959a0b9c7d4ef2fa71086c38356d22dc501ea/argon2_cffi_bindings-25.1.0-cp39-abi3-manylinux_2_26_x86_64.manylinux_2_28_x86_64.whl#sha256=d3e924cfc503018a714f94a49a149fdc0b644eaead5d1f089330399134fa028a
# pip arrow @ https://files.pythonhosted.org/packages/ed/c9/d7977eaacb9df673210491da99e6a247e93df98c715fc43fd136ce1d3d33/arrow-1.4.0-py3-none-any.whl#sha256=749f0769958ebdc79c173ff0b0670d59051a535fa26e8eba02953dc19eb43205
# pip async-lru @ https://files.pythonhosted.org/packages/03/49/d10027df9fce941cb8184e78a02857af36360d33e1721df81c5ed2179a1a/async_lru-2.0.5-py3-none-any.whl#sha256=ab95404d8d2605310d345932697371a5f40def0487c03d6d0ad9138de52c9943
# pip beautifulsoup4 @ https://files.pythonhosted.org/packages/1a/39/47f9197bdd44df24d67ac8893641e16f386c984a0619ef2ee4c51fbbc019/beautifulsoup4-4.14.3-py3-none-any.whl#sha256=0918bfe44902e6ad8d57732ba310582e98da931428d231a5ecb9e7c703a735bb
# pip contourpy @ https://files.pythonhosted.org/packages/05/11/57335544a3027e9b96a05948c32e566328e3a2f84b7b99a325b7a06d2b06/contourpy-1.3.0-cp39-cp39-manylinux_2_17_x86_64.manylinux2014_x86_64.whl#sha256=68a32389b06b82c2fdd68276148d7b9275b5f5cf13e5417e4252f6d1a34f72a2
# pip httpcore @ https://files.pythonhosted.org/packages/7e/f5/f66802a942d491edb555dd61e3a9961140fd64c90bce1eafd741609d334d/httpcore-1.0.9-py3-none-any.whl#sha256=2d400746a40668fc9dec9810239072b40b4484b640a8c38fd654a024c7a1bf55
# pip mistune @ https://files.pythonhosted.org/packages/7a/f0/8282d9641415e9e33df173516226b404d367a0fc55e1a60424a152913abc/mistune-3.1.4-py3-none-any.whl#sha256=93691da911e5d9d2e23bc54472892aff676df27a75274962ff9edc210364266d
# pip pandas @ https://files.pythonhosted.org/packages/ae/1c/5b9b263c80fd5e231b77df6f78cd7426d1d4ad3a4e858e85b7b3d93d0e9c/pandas-2.3.1-cp39-cp39-manylinux_2_17_x86_64.manylinux2014_x86_64.whl#sha256=dd71c47a911da120d72ef173aeac0bf5241423f9bfea57320110a978457e069e
# pip pytest @ https://files.pythonhosted.org/packages/a8/a4/20da314d277121d6534b3a980b29035dcd51e6744bd79075a6ce8fa4eb8d/pytest-8.4.2-py3-none-any.whl#sha256=872f880de3fc3a5bdc88a11b39c9710c3497a547cfa9320bc3c5e62fbf272e79
# pip python-json-logger @ https://files.pythonhosted.org/packages/51/e5/fecf13f06e5e5f67e8837d777d1bc43fac0ed2b77a676804df5c34744727/python_json_logger-4.0.0-py3-none-any.whl#sha256=af09c9daf6a813aa4cc7180395f50f2a9e5fa056034c9953aec92e381c5ba1e2
# pip referencing @ https://files.pythonhosted.org/packages/c1/b1/3baf80dc6d2b7bc27a95a67752d0208e410351e3feb4eb78de5f77454d8d/referencing-0.36.2-py3-none-any.whl#sha256=e8699adbbf8b5c7de96d8ffa0eb5c158b3beafce084968e2ea8bb08c6794dcd0
# pip rfc3339-validator @ https://files.pythonhosted.org/packages/7b/44/4e421b96b67b2daff264473f7465db72fbdf36a07e05494f50300cc7b0c6/rfc3339_validator-0.1.4-py2.py3-none-any.whl#sha256=24f6ec1eda14ef823da9e36ec7113124b39c04d50a4d3d3a3c2859577e7791fa
# pip rfc3987-syntax @ https://files.pythonhosted.org/packages/7e/71/44ce230e1b7fadd372515a97e32a83011f906ddded8d03e3c6aafbdedbb7/rfc3987_syntax-1.1.0-py3-none-any.whl#sha256=6c3d97604e4c5ce9f714898e05401a0445a641cfa276432b0a648c80856f6a3f
# pip scipy @ https://files.pythonhosted.org/packages/35/f5/d0ad1a96f80962ba65e2ce1de6a1e59edecd1f0a7b55990ed208848012e0/scipy-1.13.1-cp39-cp39-manylinux_2_17_x86_64.manylinux2014_x86_64.whl#sha256=637e98dcf185ba7f8e663e122ebf908c4702420477ae52a04f9908707456ba4d
# pip terminado @ https://files.pythonhosted.org/packages/6a/9e/2064975477fdc887e47ad42157e214526dcad8f317a948dee17e1659a62f/terminado-0.18.1-py3-none-any.whl#sha256=a4468e1b37bb318f8a86514f65814e1afc977cf29b3992a4500d9dd305dcceb0
# pip tinycss2 @ https://files.pythonhosted.org/packages/e6/34/ebdc18bae6aa14fbee1a08b63c015c72b64868ff7dae68808ab500c492e2/tinycss2-1.4.0-py3-none-any.whl#sha256=3a49cf47b7675da0b15d0c6e1df8df4ebd96e9394bb905a5775adb0d884c5289
# pip typeguard @ https://files.pythonhosted.org/packages/1b/a9/e3aee762739c1d7528da1c3e06d518503f8b6c439c35549b53735ba52ead/typeguard-4.4.4-py3-none-any.whl#sha256=b5f562281b6bfa1f5492470464730ef001646128b180769880468bd84b68b09e
# pip typing-inspect @ https://files.pythonhosted.org/packages/65/f3/107a22063bf27bdccf2024833d3445f4eea42b2e598abfbd46f6a63b6cb0/typing_inspect-0.9.0-py3-none-any.whl#sha256=9ee6fc59062311ef8547596ab6b955e1b8aa46242d854bfc78f4f6b0eff35f9f
# pip argon2-cffi @ https://files.pythonhosted.org/packages/4f/d3/a8b22fa575b297cd6e3e3b0155c7e25db170edf1c74783d6a31a2490b8d9/argon2_cffi-25.1.0-py3-none-any.whl#sha256=fdc8b074db390fccb6eb4a3604ae7231f219aa669a2652e0f20e16ba513d5741
# pip bleach @ https://files.pythonhosted.org/packages/fc/55/96142937f66150805c25c4d0f31ee4132fd33497753400734f9dfdcbdc66/bleach-6.2.0-py3-none-any.whl#sha256=117d9c6097a7c3d22fd578fcd8d35ff1e125df6736f554da4e432fdd63f31e5e
# pip httpx @ https://files.pythonhosted.org/packages/2a/39/e50c7c3a983047577ee07d2a9e53faf5a69493943ec3f6a384bdc792deb2/httpx-0.28.1-py3-none-any.whl#sha256=d909fcccc110f8c7faf814ca82a9a4d816bc5a6dbfea25d6591d6985b8ba59ad
# pip isoduration @ https://files.pythonhosted.org/packages/7b/55/e5326141505c5d5e34c5e0935d2908a74e4561eca44108fbfb9c13d2911a/isoduration-20.11.0-py3-none-any.whl#sha256=b2904c2a4228c3d44f409c8ae8e2370eb21a26f7ac2ec5446df141dde3452042
# pip jsonschema-specifications @ https://files.pythonhosted.org/packages/41/45/1a4ed80516f02155c51f51e8cedb3c1902296743db0bbc66608a0db2814f/jsonschema_specifications-2025.9.1-py3-none-any.whl#sha256=98802fee3a11ee76ecaca44429fda8a41bff98b00a0f2838151b113f210cc6fe
# pip jupyter-server-terminals @ https://files.pythonhosted.org/packages/07/2d/2b32cdbe8d2a602f697a649798554e4f072115438e92249624e532e8aca6/jupyter_server_terminals-0.5.3-py3-none-any.whl#sha256=41ee0d7dc0ebf2809c668e0fc726dfaf258fcd3e769568996ca731b6194ae9aa
# pip matplotlib @ https://files.pythonhosted.org/packages/8e/67/e75134cb83d2e533e46d72e2033a413772efdc18291beb981f5d574a829f/matplotlib-3.9.1-cp39-cp39-manylinux_2_17_x86_64.manylinux2014_x86_64.whl#sha256=4db17fea0ae3aceb8e9ac69c7e3051bae0b3d083bfec932240f9bf5d0197a049
# pip pandera @ https://files.pythonhosted.org/packages/db/3b/91622e08086a6be44d2c0f34947d94c5282b53d217003d3ba390ee2d174b/pandera-0.26.1-py3-none-any.whl#sha256=1ff5b70556ce2f85c6b27e8fbe835a1761972f4d05f6548b4686b0db26ecb73b
# pip scikit-learn @ https://files.pythonhosted.org/packages/79/35/b1d2188967c3204c78fa79c9263668cf1b98060e8e58d1a730fe5b2317bb/scikit_learn-1.6.1-cp39-cp39-manylinux_2_17_x86_64.manylinux2014_x86_64.whl#sha256=b8b7a3b86e411e4bce21186e1c180d792f3d99223dcfa3b4f597ecc92fa1a422
# pip ucimlrepo @ https://files.pythonhosted.org/packages/3b/07/1252560194df2b4fad1cb3c46081b948331c63eb1bb0b97620d508d12a53/ucimlrepo-0.0.7-py3-none-any.whl#sha256=0a5ce7e21d7ec850a0da4427c47f9dd96fcc6532f1c7e95dcec63eeb40f08026
# pip jsonschema @ https://files.pythonhosted.org/packages/bf/9c/8c95d856233c1f82500c2450b8c68576b4cf1c871db3afac5c34ff84e6fd/jsonschema-4.25.1-py3-none-any.whl#sha256=3fba0169e345c7175110351d456342c364814cfcf3b964ba4587f22915230a63
# pip altair @ https://files.pythonhosted.org/packages/aa/f3/0b6ced594e51cc95d8c1fc1640d3623770d01e4969d29c0bd09945fafefa/altair-5.5.0-py3-none-any.whl#sha256=91a310b926508d560fe0148d02a194f38b824122641ef528113d029fcd129f8c
# pip jupyter-events @ https://files.pythonhosted.org/packages/e2/48/577993f1f99c552f18a0428731a755e06171f9902fa118c379eb7c04ea22/jupyter_events-0.12.0-py3-none-any.whl#sha256=6464b2fa5ad10451c3d35fabc75eab39556ae1e2853ad0c0cc31b656731a97fb
# pip nbformat @ https://files.pythonhosted.org/packages/a9/82/0340caa499416c78e5d8f5f05947ae4bc3cba53c9f038ab6e9ed964e22f1/nbformat-5.10.4-py3-none-any.whl#sha256=3b48d6c8fbca4b299bf3982ea7db1af21580e4fec269ad087b9e81588891200b
# pip nbclient @ https://files.pythonhosted.org/packages/34/6d/e7fa07f03a4a7b221d94b4d586edb754a9b0dc3c9e2c93353e9fa4e0d117/nbclient-0.10.2-py3-none-any.whl#sha256=4ffee11e788b4a27fabeb7955547e4318a5298f34342a4bfd01f2e1faaeadc3d
# pip nbconvert @ https://files.pythonhosted.org/packages/cc/9a/cd673b2f773a12c992f41309ef81b99da1690426bd2f96957a7ade0d3ed7/nbconvert-7.16.6-py3-none-any.whl#sha256=1375a7b67e0c2883678c48e506dc320febb57685e5ee67faa51b18a90f3a712b
# pip jupyter-server @ https://files.pythonhosted.org/packages/92/80/a24767e6ca280f5a49525d987bf3e4d7552bf67c8be07e8ccf20271f8568/jupyter_server-2.17.0-py3-none-any.whl#sha256=e8cb9c7db4251f51ed307e329b81b72ccf2056ff82d50524debde1ee1870e13f
# pip jupyter-lsp @ https://files.pythonhosted.org/packages/1a/60/1f6cee0c46263de1173894f0fafcb3475ded276c472c14d25e0280c18d6d/jupyter_lsp-2.3.0-py3-none-any.whl#sha256=e914a3cb2addf48b1c7710914771aaf1819d46b2e5a79b0f917b5478ec93f34f
# pip jupyterlab-server @ https://files.pythonhosted.org/packages/e0/07/a000fe835f76b7e1143242ab1122e6362ef1c03f23f83a045c38859c2ae0/jupyterlab_server-2.28.0-py3-none-any.whl#sha256=e4355b148fdcf34d312bbbc80f22467d6d20460e8b8736bf235577dd18506968
# pip notebook-shim @ https://files.pythonhosted.org/packages/f9/33/bd5b9137445ea4b680023eb0469b2bb969d61303dedb2aac6560ff3d14a1/notebook_shim-0.2.4-py3-none-any.whl#sha256=411a5be4e9dc882a074ccbcae671eda64cceb068767e9a3419096986560e1cef
# pip jupyterlab @ https://files.pythonhosted.org/packages/6c/1e/5a4d5498eba382fee667ed797cf64ae5d1b13b04356df62f067f48bb0f61/jupyterlab-4.5.0-py3-none-any.whl#sha256=88e157c75c1afff64c7dc4b801ec471450b922a4eae4305211ddd40da8201c8a
